
Microsoft Visual Studio Solution File, Format Version 12.00
# Visual Studio 14
VisualStudioVersion = 14.0.25420.1
MinimumVisualStudioVersion = 10.0.40219.1
Project("{FAE04EC0-301F-11D3-BF4B-00C04F79EFBC}") = "Pokemasters.Repositories", "Pokemasters.Repositories\Pokemasters.Repositories.csproj", "{AA19086E-66E5-47B8-A60D-1F691D90FEEE}"
EndProject
Project("{FAE04EC0-301F-11D3-BF4B-00C04F79EFBC}") = "Pokemasters.Contracts", "Pokemasters.Contracts\Pokemasters.Contracts.csproj", "{962D381B-C328-44DC-829A-64702D10BB13}"
EndProject
Project("{FAE04EC0-301F-11D3-BF4B-00C04F79EFBC}") = "Pokemasters.WebApi", "Pokemasters.WebApi\Pokemasters.WebApi.csproj", "{4D1C25A9-7F53-4EAF-8B30-6225A91DB941}"
EndProject
Project("{FAE04EC0-301F-11D3-BF4B-00C04F79EFBC}") = "Pokemasters.UnitTests", "Pokemasters.UnitTests\Pokemasters.UnitTests.csproj", "{E30BE8AE-713F-4713-81F9-E7C7ECE57F2C}"
EndProject
Global
	GlobalSection(SolutionConfigurationPlatforms) = preSolution
		Debug|Any CPU = Debug|Any CPU
		Release|Any CPU = Release|Any CPU
	EndGlobalSection
	GlobalSection(ProjectConfigurationPlatforms) = postSolution
		{AA19086E-66E5-47B8-A60D-1F691D90FEEE}.Debug|Any CPU.ActiveCfg = Debug|Any CPU
		{AA19086E-66E5-47B8-A60D-1F691D90FEEE}.Debug|Any CPU.Build.0 = Debug|Any CPU
		{AA19086E-66E5-47B8-A60D-1F691D90FEEE}.Release|Any CPU.ActiveCfg = Release|Any CPU
		{AA19086E-66E5-47B8-A60D-1F691D90FEEE}.Release|Any CPU.Build.0 = Release|Any CPU
		{962D381B-C328-44DC-829A-64702D10BB13}.Debug|Any CPU.ActiveCfg = Debug|Any CPU
		{962D381B-C328-44DC-829A-64702D10BB13}.Debug|Any CPU.Build.0 = Debug|Any CPU
		{962D381B-C328-44DC-829A-64702D10BB13}.Release|Any CPU.ActiveCfg = Release|Any CPU
		{962D381B-C328-44DC-829A-64702D10BB13}.Release|Any CPU.Build.0 = Release|Any CPU
		{4D1C25A9-7F53-4EAF-8B30-6225A91DB941}.Debug|Any CPU.ActiveCfg = Debug|Any CPU
		{4D1C25A9-7F53-4EAF-8B30-6225A91DB941}.Debug|Any CPU.Build.0 = Debug|Any CPU
		{4D1C25A9-7F53-4EAF-8B30-6225A91DB941}.Release|Any CPU.ActiveCfg = Release|Any CPU
		{4D1C25A9-7F53-4EAF-8B30-6225A91DB941}.Release|Any CPU.Build.0 = Release|Any CPU
		{E30BE8AE-713F-4713-81F9-E7C7ECE57F2C}.Debug|Any CPU.ActiveCfg = Debug|Any CPU
		{E30BE8AE-713F-4713-81F9-E7C7ECE57F2C}.Debug|Any CPU.Build.0 = Debug|Any CPU
		{E30BE8AE-713F-4713-81F9-E7C7ECE57F2C}.Release|Any CPU.ActiveCfg = Release|Any CPU
		{E30BE8AE-713F-4713-81F9-E7C7ECE57F2C}.Release|Any CPU.Build.0 = Release|Any CPU
	EndGlobalSection
	GlobalSection(SolutionProperties) = preSolution
		HideSolutionNode = FALSE
	EndGlobalSection
EndGlobal
